
Microsoft Visual Studio Solution File, Format Version 12.00
# Visual Studio Version 17
VisualStudioVersion = 17.2.32526.322
MinimumVisualStudioVersion = 10.0.40219.1
Project("{9A19103F-16F7-4668-BE54-9A1E7A4F7556}") = "TesteDesafio1", "TesteDesafio1\TesteDesafio1.csproj", "{39999F94-61CB-4D33-937B-634C04BEFA8F}"
EndProject
Project("{FAE04EC0-301F-11D3-BF4B-00C04F79EFBC}") = "TesteDesafio2", "..\TesteDesafio2\TesteDesafio2.csproj", "{141B87F4-4B3F-4C7C-A4A3-989115BF11F6}"
EndProject
Global
	GlobalSection(SolutionConfigurationPlatforms) = preSolution
		Debug|Any CPU = Debug|Any CPU
		Release|Any CPU = Release|Any CPU
	EndGlobalSection
	GlobalSection(ProjectConfigurationPlatforms) = postSolution
		{39999F94-61CB-4D33-937B-634C04BEFA8F}.Debug|Any CPU.ActiveCfg = Debug|Any CPU
		{39999F94-61CB-4D33-937B-634C04BEFA8F}.Debug|Any CPU.Build.0 = Debug|Any CPU
		{39999F94-61CB-4D33-937B-634C04BEFA8F}.Release|Any CPU.ActiveCfg = Release|Any CPU
		{39999F94-61CB-4D33-937B-634C04BEFA8F}.Release|Any CPU.Build.0 = Release|Any CPU
		{141B87F4-4B3F-4C7C-A4A3-989115BF11F6}.Debug|Any CPU.ActiveCfg = Debug|Any CPU
		{141B87F4-4B3F-4C7C-A4A3-989115BF11F6}.Debug|Any CPU.Build.0 = Debug|Any CPU
		{141B87F4-4B3F-4C7C-A4A3-989115BF11F6}.Release|Any CPU.ActiveCfg = Release|Any CPU
		{141B87F4-4B3F-4C7C-A4A3-989115BF11F6}.Release|Any CPU.Build.0 = Release|Any CPU
	EndGlobalSection
	GlobalSection(SolutionProperties) = preSolution
		HideSolutionNode = FALSE
	EndGlobalSection
	GlobalSection(ExtensibilityGlobals) = postSolution
		SolutionGuid = {E7A619A9-6E63-4EBE-959B-C5459FB9F0B1}
	EndGlobalSection
EndGlobal
